<?xml version="1.0" encoding="utf-8"?>
<Project ToolsVersion="4.0" xmlns="http://schemas.microsoft.com/developer/msbuild/2003">
  <ItemGroup>
    <Filter Include="imgui">
      <UniqueIdentifier>{0587d7a3-f2ce-4d56-b84f-a0005d3bfce6}</UniqueIdentifier>
    </Filter>
    <Filter Include="sources">
      <UniqueIdentifier>{08e36723-ce4f-4cff-9662-c40801cf1acf}</UniqueIdentifier>
    </Filter>
    <Filter Include="thirdparty">
      <UniqueIdentifier>{476da64c-f0d0-4351-9d62-b62920238b16}</UniqueIdentifier>
    </Filter>
    <Filter Include="thirdparty\minhook">
      <UniqueIdentifier>{603012f4-590b-406f-be36-43fda864a085}</UniqueIdentifier>
    </Filter>
    <Filter Include="thirdparty\minhook\hde">
      <UniqueIdentifier>{5b393281-482b-46fa-90ca-120221f4c734}</UniqueIdentifier>
    </Filter>
    <Filter Include="thirdparty\il2cpp">
      <UniqueIdentifier>{039a7023-b49d-4bd6-8f52-0c9a511cfb4b}</UniqueIdentifier>
    </Filter>
    <Filter Include="cheat">
      <UniqueIdentifier>{8df57c07-7543-47d9-a3c6-b9e6f959494c}</UniqueIdentifier>
    </Filter>
    <Filter Include="cheat\features">
      <UniqueIdentifier>{ddc20250-9a48-47b3-97a2-b6be82b46792}</UniqueIdentifier>
    </Filter>
    <Filter Include="cheat\sdk">
      <UniqueIdentifier>{1a144a31-9ec2-4bec-8631-eebb9a0c8ea5}</UniqueIdentifier>
    </Filter>
    <Filter Include="cheat\tools">
      <UniqueIdentifier>{1ca86df7-d830-4f60-b00d-1665160f73c6}</UniqueIdentifier>
    </Filter>
    <Filter Include="cheat\features\bypass">
      <UniqueIdentifier>{93f213aa-e560-4dd0-af44-5469ca5653ca}</UniqueIdentifier>
    </Filter>
    <Filter Include="cheat\features\visuals">
      <UniqueIdentifier>{c6912839-98ba-470c-b645-194b9fcbb78e}</UniqueIdentifier>
    </Filter>
    <Filter Include="cheat\features\tick">
      <UniqueIdentifier>{0da70550-d425-449b-a2d0-dee470a08f52}</UniqueIdentifier>
    </Filter>
    <Filter Include="cheat\features\autokill">
      <UniqueIdentifier>{f1f078be-d072-49c6-977b-53b8dfe4c52b}</UniqueIdentifier>
    </Filter>
    <Filter Include="cheat\features\uncensored">
      <UniqueIdentifier>{ab9e1b9c-2872-4634-813c-71ee23c57baf}</UniqueIdentifier>
    </Filter>
    <Filter Include="cheat\features\chessboard">
      <UniqueIdentifier>{5496155c-8f27-4e1c-99ec-578037ff1b0d}</UniqueIdentifier>
    </Filter>
    <Filter Include="cheat\features\movespeed">
      <UniqueIdentifier>{23c80200-c5e0-4bc2-a655-ab6b48655957}</UniqueIdentifier>
    </Filter>
    <Filter Include="imgui\data">
      <UniqueIdentifier>{bafc00d3-a0e5-4023-b87f-f40576ecf63a}</UniqueIdentifier>
    </Filter>
    <Filter Include="imgui\elements">
      <UniqueIdentifier>{076e8b62-bc7f-4492-952b-b1e644209ac0}</UniqueIdentifier>
    </Filter>
    <Filter Include="imgui\settings">
      <UniqueIdentifier>{f71a4609-b137-4c1b-9d23-6db043ff0cb1}</UniqueIdentifier>
    </Filter>
    <Filter Include="cheat\features\attack">
      <UniqueIdentifier>{7aad82e6-2708-4ec7-851f-4cfd085214be}</UniqueIdentifier>
    </Filter>
    <Filter Include="cheat\features\godmode">
      <UniqueIdentifier>{53d9e026-8876-4203-8e1b-209879305cba}</UniqueIdentifier>
    </Filter>
    <Filter Include="cheat\features\stamina">
      <UniqueIdentifier>{de11fd67-ecc8-4b12-8a76-e93bb2665d8a}</UniqueIdentifier>
    </Filter>
    <Filter Include="cheat\features\nocooldown">
      <UniqueIdentifier>{199ef242-2a3f-470e-bf7e-60ae7d3b840b}</UniqueIdentifier>
    </Filter>
    <Filter Include="cheat\features\ultimate">
      <UniqueIdentifier>{e889f002-e43b-4e9f-9c69-6e2a0e2691cf}</UniqueIdentifier>
    </Filter>
    <Filter Include="cheat\features\world">
      <UniqueIdentifier>{3858f142-7260-44cd-9756-9e44575cb71f}</UniqueIdentifier>
    </Filter>
    <Filter Include="cheat\features\noclip">
      <UniqueIdentifier>{4dae2a44-fdcd-435c-a5d7-82808de60949}</UniqueIdentifier>
    </Filter>
    <Filter Include="cheat\features\dumbenemies">
      <UniqueIdentifier>{5f113cba-2c8f-4163-afe2-0305d1df305a}</UniqueIdentifier>
    </Filter>
    <Filter Include="cheat\features\spoofer">
      <UniqueIdentifier>{7b40bab5-266e-4270-abbe-6fe857d5d137}</UniqueIdentifier>
    </Filter>
    <Filter Include="cheat\features\entityfinder">
      <UniqueIdentifier>{a4bcd7bf-6015-473a-91aa-8e78ec707827}</UniqueIdentifier>
    </Filter>
    <Filter Include="cheat\features\gravity">
      <UniqueIdentifier>{af481461-5de6-4921-a76f-60d5bc57060d}</UniqueIdentifier>
    </Filter>
    <Filter Include="cheat\features\jump">
      <UniqueIdentifier>{bf4467df-b847-407b-8b4e-a8cac9218aad}</UniqueIdentifier>
    </Filter>
    <Filter Include="cheat\features\fov">
      <UniqueIdentifier>{17ed6277-c650-4204-99d3-36299dd3e602}</UniqueIdentifier>
    </Filter>
    <Filter Include="thirdparty\json">
      <UniqueIdentifier>{dce73292-abf7-49c6-b21d-64353b33c474}</UniqueIdentifier>
    </Filter>
    <Filter Include="cheat\features\config">
      <UniqueIdentifier>{8db7e8c0-a3a6-4afb-b48a-016042bc7074}</UniqueIdentifier>
    </Filter>
    <Filter Include="cheat\features\skipcutscene">
      <UniqueIdentifier>{5f100746-81d1-46b2-939e-933c99060a87}</UniqueIdentifier>
    </Filter>
  </ItemGroup>
  <ItemGroup>
    <ClInclude Include="imconfig.h">
      <Filter>imgui</Filter>
    </ClInclude>
    <ClInclude Include="imgui.h">
      <Filter>imgui</Filter>
    </ClInclude>
    <ClInclude Include="imgui_internal.h">
      <Filter>imgui</Filter>
    </ClInclude>
    <ClInclude Include="backends\imgui_impl_win32.h">
      <Filter>sources</Filter>
    </ClInclude>
    <ClInclude Include="backends\imgui_impl_dx11.h">
      <Filter>sources</Filter>
    </ClInclude>
    <ClInclude Include="imgui_freetype.h">
      <Filter>imgui</Filter>
    </ClInclude>
    <ClInclude Include="thirdparty\minhook\buffer.h">
      <Filter>thirdparty\minhook</Filter>
    </ClInclude>
    <ClInclude Include="thirdparty\minhook\MinHook.h">
      <Filter>thirdparty\minhook</Filter>
    </ClInclude>
    <ClInclude Include="thirdparty\minhook\trampoline.h">
      <Filter>thirdparty\minhook</Filter>
    </ClInclude>
    <ClInclude Include="thirdparty\minhook\hde\hde32.h">
      <Filter>thirdparty\minhook\hde</Filter>
    </ClInclude>
    <ClInclude Include="thirdparty\minhook\hde\hde64.h">
      <Filter>thirdparty\minhook\hde</Filter>
    </ClInclude>
    <ClInclude Include="thirdparty\minhook\hde\pstdint.h">
      <Filter>thirdparty\minhook\hde</Filter>
    </ClInclude>
    <ClInclude Include="thirdparty\minhook\hde\table32.h">
      <Filter>thirdparty\minhook\hde</Filter>
    </ClInclude>
    <ClInclude Include="thirdparty\minhook\hde\table64.h">
      <Filter>thirdparty\minhook\hde</Filter>
    </ClInclude>
    <ClInclude Include="menu\menu.h">
      <Filter>sources</Filter>
    </ClInclude>
    <ClInclude Include="thirdparty\il2cpp\UnityResolve.hpp">
      <Filter>thirdparty\il2cpp</Filter>
    </ClInclude>
    <ClInclude Include="pch.h">
      <Filter>sources</Filter>
    </ClInclude>
    <ClInclude Include="cheat\sdk\ability_system.h">
      <Filter>cheat\sdk</Filter>
    </ClInclude>
    <ClInclude Include="cheat\sdk\ace_sdk_client.h">
      <Filter>cheat\sdk</Filter>
    </ClInclude>
    <ClInclude Include="cheat\sdk\ace_sdk_interface_win.h">
      <Filter>cheat\sdk</Filter>
    </ClInclude>
    <ClInclude Include="cheat\sdk\ace_sdk_result.h">
      <Filter>cheat\sdk</Filter>
    </ClInclude>
    <ClInclude Include="cheat\sdk\anti_cheat_behaviour_enum.h">
      <Filter>cheat\sdk</Filter>
    </ClInclude>
    <ClInclude Include="cheat\sdk\attribute_type.h">
      <Filter>cheat\sdk</Filter>
    </ClInclude>
    <ClInclude Include="cheat\sdk\attributes.h">
      <Filter>cheat\sdk</Filter>
    </ClInclude>
    <ClInclude Include="cheat\sdk\battle_manager.h">
      <Filter>cheat\sdk</Filter>
    </ClInclude>
    <ClInclude Include="cheat\sdk\battle_recorder.h">
      <Filter>cheat\sdk</Filter>
    </ClInclude>
    <ClInclude Include="cheat\sdk\entity.h">
      <Filter>cheat\sdk</Filter>
    </ClInclude>
    <ClInclude Include="cheat\sdk\entity_render_helper.h">
      <Filter>cheat\sdk</Filter>
    </ClInclude>
    <ClInclude Include="cheat\sdk\event_log_manager.h">
      <Filter>cheat\sdk</Filter>
    </ClInclude>
    <ClInclude Include="cheat\sdk\gameplay_network.h">
      <Filter>cheat\sdk</Filter>
    </ClInclude>
    <ClInclude Include="cheat\sdk\object_container.h">
      <Filter>cheat\sdk</Filter>
    </ClInclude>
    <ClInclude Include="cheat\sdk\object_translator_extensions.h">
      <Filter>cheat\sdk</Filter>
    </ClInclude>
    <ClInclude Include="cheat\sdk\object_type_enum.h">
      <Filter>cheat\sdk</Filter>
    </ClInclude>
    <ClInclude Include="cheat\sdk\player_controller.h">
      <Filter>cheat\sdk</Filter>
    </ClInclude>
    <ClInclude Include="cheat\sdk\sdk_exporter.h">
      <Filter>cheat\sdk</Filter>
    </ClInclude>
    <ClInclude Include="console.hpp">
      <Filter>sources</Filter>
    </ClInclude>
    <ClInclude Include="cheat\tools\hook_manager.h">
      <Filter>cheat\tools</Filter>
    </ClInclude>
    <ClInclude Include="cheat\features\bypass\c_bypass_feature.h">
      <Filter>cheat\features\bypass</Filter>
    </ClInclude>
    <ClInclude Include="cheat\tools\entity_manager.h">
      <Filter>cheat\tools</Filter>
    </ClInclude>
    <ClInclude Include="cheat\features\visuals\c_visual_feature.h">
      <Filter>cheat\features\visuals</Filter>
    </ClInclude>
    <ClInclude Include="cheat\features\feature_base.h">
      <Filter>cheat\features</Filter>
    </ClInclude>
    <ClInclude Include="cheat\features\feature_manager.h">
      <Filter>cheat\features</Filter>
    </ClInclude>
    <ClInclude Include="cheat\features\basetickmanager\c_game_tick_feature.h">
      <Filter>cheat\features\tick</Filter>
    </ClInclude>
    <ClInclude Include="cheat\sdk\game_util.h">
      <Filter>cheat\sdk</Filter>
    </ClInclude>
    <ClInclude Include="cheat\sdk\skeletal_morph_component.h">
      <Filter>cheat\sdk</Filter>
    </ClInclude>
    <ClInclude Include="cheat\sdk\animator.h">
      <Filter>cheat\sdk</Filter>
    </ClInclude>
    <ClInclude Include="cheat\sdk\transform.h">
      <Filter>cheat\sdk</Filter>
    </ClInclude>
    <ClInclude Include="cheat\features\autokill\c_auto_kill_feature.h">
      <Filter>cheat\features\autokill</Filter>
    </ClInclude>
    <ClInclude Include="cheat\features\uncensored\c_uncensored_feature.h">
      <Filter>cheat\features\uncensored</Filter>
    </ClInclude>
    <ClInclude Include="cheat\sdk\chessboard.h">
      <Filter>cheat\sdk</Filter>
    </ClInclude>
    <ClInclude Include="cheat\features\chessboard\c_chessboard_feature.h">
      <Filter>cheat\features\chessboard</Filter>
    </ClInclude>
    <ClInclude Include="cheat\features\movespeed\c_movespeed_feature.h">
      <Filter>cheat\features\movespeed</Filter>
    </ClInclude>
    <ClInclude Include="cheat\sdk\movement_component.h">
      <Filter>cheat\sdk</Filter>
    </ClInclude>
    <ClInclude Include="cheat\sdk\movement_setting.h">
      <Filter>cheat\sdk</Filter>
    </ClInclude>
    <ClInclude Include="data\fonts.h">
      <Filter>imgui\data</Filter>
    </ClInclude>
    <ClInclude Include="data\images.h">
      <Filter>imgui\data</Filter>
    </ClInclude>
    <ClInclude Include="settings\colors.h">
      <Filter>imgui\settings</Filter>
    </ClInclude>
    <ClInclude Include="settings\elements.h">
      <Filter>imgui\settings</Filter>
    </ClInclude>
    <ClInclude Include="settings\functions.h">
      <Filter>imgui\settings</Filter>
    </ClInclude>
    <ClInclude Include="settings\variables.h">
      <Filter>imgui\settings</Filter>
    </ClInclude>
    <ClInclude Include="cheat\features\attack\c_player_attack_feature.h">
      <Filter>cheat\features\attack</Filter>
    </ClInclude>
    <ClInclude Include="cheat\sdk\modifier.h">
      <Filter>cheat\sdk</Filter>
    </ClInclude>
    <ClInclude Include="cheat\features\godmode\c_godmode_feature.h">
      <Filter>cheat\features\godmode</Filter>
    </ClInclude>
    <ClInclude Include="cheat\features\stamina\c_infinite_stamina_feature.h">
      <Filter>cheat\features\stamina</Filter>
    </ClInclude>
    <ClInclude Include="cheat\sdk\skill.h">
      <Filter>cheat\sdk</Filter>
    </ClInclude>
    <ClInclude Include="cheat\features\nocooldown\c_nocooldown_feature.h">
      <Filter>cheat\features\nocooldown</Filter>
    </ClInclude>
    <ClInclude Include="cheat\sdk\puzzle_game.h">
      <Filter>cheat\sdk</Filter>
    </ClInclude>
    <ClInclude Include="cheat\features\ultimate\c_infinite_ultimate_feature.h">
      <Filter>cheat\features\ultimate</Filter>
    </ClInclude>
    <ClInclude Include="cheat\features\world\c_world_ambience_feature.h">
      <Filter>cheat\features\world</Filter>
    </ClInclude>
    <ClInclude Include="cheat\features\noclip\c_no_clip_feature.h">
      <Filter>cheat\features\noclip</Filter>
    </ClInclude>
    <ClInclude Include="cheat\features\visuals\c_chams_feature.h">
      <Filter>cheat\features\visuals</Filter>
    </ClInclude>
    <ClInclude Include="cheat\sdk\game_instance.h">
      <Filter>cheat\sdk</Filter>
    </ClInclude>
    <ClInclude Include="cheat\features\dumbenemies\c_dumb_enemies_feature.h">
      <Filter>cheat\features\dumbenemies</Filter>
    </ClInclude>
    <ClInclude Include="cheat\features\spoofer\c_spoofer_feature.h">
      <Filter>cheat\features\spoofer</Filter>
    </ClInclude>
    <ClInclude Include="cheat\features\entityfinder\c_entity_finder_feature.h">
      <Filter>cheat\features\entityfinder</Filter>
    </ClInclude>
    <ClInclude Include="cheat\sdk\ui_text.h">
      <Filter>cheat\sdk</Filter>
    </ClInclude>
    <ClInclude Include="cheat\features\gravity\c_player_gravity_feature.h">
      <Filter>cheat\features\gravity</Filter>
    </ClInclude>
    <ClInclude Include="cheat\features\jump\c_player_jump_feature.h">
      <Filter>cheat\features\jump</Filter>
    </ClInclude>
    <ClInclude Include="cheat\sdk\complex_animator_component.h">
      <Filter>cheat\sdk</Filter>
    </ClInclude>
    <ClInclude Include="cheat\features\fov\c_camera_fov_feature.h">
      <Filter>cheat\features\fov</Filter>
    </ClInclude>
    <ClInclude Include="cheat\sdk\game_world.h">
      <Filter>cheat\sdk</Filter>
    </ClInclude>
    <ClInclude Include="thirdparty\json\json.hpp">
      <Filter>thirdparty\json</Filter>
    </ClInclude>
    <ClInclude Include="cheat\tools\config_section_interface.h">
      <Filter>cheat\tools</Filter>
    </ClInclude>
    <ClInclude Include="cheat\tools\config_manager.h">
      <Filter>cheat\tools</Filter>
    </ClInclude>
    <ClInclude Include="cheat\features\config\teleport_config.h">
      <Filter>cheat\features\config</Filter>
    </ClInclude>
    <ClInclude Include="data\icons.h">
      <Filter>imgui\data</Filter>
    </ClInclude>
    <ClInclude Include="cheat\sdk\play_cutscene_action.h">
      <Filter>cheat\sdk</Filter>
    </ClInclude>
    <ClInclude Include="cheat\features\skipcutscene\c_skip_cutscene_feature.h">
      <Filter>cheat\features\skipcutscene</Filter>
    </ClInclude>
  </ItemGroup>
  <ItemGroup>
    <ClCompile Include="imgui.cpp">
      <Filter>imgui</Filter>
    </ClCompile>
    <ClCompile Include="dllmain.cpp">
      <Filter>sources</Filter>
    </ClCompile>
    <ClCompile Include="imgui_draw.cpp">
      <Filter>imgui</Filter>
    </ClCompile>
    <ClCompile Include="imgui_widgets.cpp">
      <Filter>imgui</Filter>
    </ClCompile>
    <ClCompile Include="backends\imgui_impl_win32.cpp">
      <Filter>sources</Filter>
    </ClCompile>
    <ClCompile Include="backends\imgui_impl_dx11.cpp">
      <Filter>sources</Filter>
    </ClCompile>
    <ClCompile Include="imgui_tables.cpp">
      <Filter>imgui</Filter>
    </ClCompile>
    <ClCompile Include="imgui_freetype.cpp">
      <Filter>imgui</Filter>
    </ClCompile>
    <ClCompile Include="thirdparty\minhook\buffer.c">
      <Filter>thirdparty\minhook</Filter>
    </ClCompile>
    <ClCompile Include="thirdparty\minhook\hook.c">
      <Filter>thirdparty\minhook</Filter>
    </ClCompile>
    <ClCompile Include="thirdparty\minhook\trampoline.c">
      <Filter>thirdparty\minhook</Filter>
    </ClCompile>
    <ClCompile Include="thirdparty\minhook\hde\hde32.c">
      <Filter>thirdparty\minhook\hde</Filter>
    </ClCompile>
    <ClCompile Include="thirdparty\minhook\hde\hde64.c">
      <Filter>thirdparty\minhook\hde</Filter>
    </ClCompile>
    <ClCompile Include="menu\menu.cpp">
      <Filter>sources</Filter>
    </ClCompile>
    <ClCompile Include="pch.cpp">
      <Filter>sources</Filter>
    </ClCompile>
    <ClCompile Include="cheat\sdk\ability_system.cpp">
      <Filter>cheat\sdk</Filter>
    </ClCompile>
    <ClCompile Include="cheat\sdk\ace_sdk_client.cpp">
      <Filter>cheat\sdk</Filter>
    </ClCompile>
    <ClCompile Include="cheat\sdk\ace_sdk_interface_win.cpp">
      <Filter>cheat\sdk</Filter>
    </ClCompile>
    <ClCompile Include="cheat\sdk\attributes.cpp">
      <Filter>cheat\sdk</Filter>
    </ClCompile>
    <ClCompile Include="cheat\sdk\battle_manager.cpp">
      <Filter>cheat\sdk</Filter>
    </ClCompile>
    <ClCompile Include="cheat\sdk\battle_recorder.cpp">
      <Filter>cheat\sdk</Filter>
    </ClCompile>
    <ClCompile Include="cheat\sdk\entity.cpp">
      <Filter>cheat\sdk</Filter>
    </ClCompile>
    <ClCompile Include="cheat\sdk\entity_render_helper.cpp">
      <Filter>cheat\sdk</Filter>
    </ClCompile>
    <ClCompile Include="cheat\sdk\event_log_manager.cpp">
      <Filter>cheat\sdk</Filter>
    </ClCompile>
    <ClCompile Include="cheat\sdk\gameplay_network.cpp">
      <Filter>cheat\sdk</Filter>
    </ClCompile>
    <ClCompile Include="cheat\sdk\object_container.cpp">
      <Filter>cheat\sdk</Filter>
    </ClCompile>
    <ClCompile Include="cheat\sdk\object_translator_extensions.cpp">
      <Filter>cheat\sdk</Filter>
    </ClCompile>
    <ClCompile Include="cheat\sdk\player_controller.cpp">
      <Filter>cheat\sdk</Filter>
    </ClCompile>
    <ClCompile Include="console.cpp">
      <Filter>sources</Filter>
    </ClCompile>
    <ClCompile Include="cheat\features\bypass\c_bypass_feature.cpp">
      <Filter>cheat\features\bypass</Filter>
    </ClCompile>
    <ClCompile Include="cheat\tools\entity_manager.cpp">
      <Filter>cheat\tools</Filter>
    </ClCompile>
    <ClCompile Include="cheat\features\visuals\c_visual_feature.cpp">
      <Filter>cheat\features\visuals</Filter>
    </ClCompile>
    <ClCompile Include="cheat\features\basetickmanager\c_game_tick_feature.cpp">
      <Filter>cheat\features\tick</Filter>
    </ClCompile>
    <ClCompile Include="cheat\sdk\game_util.cpp">
      <Filter>cheat\sdk</Filter>
    </ClCompile>
    <ClCompile Include="cheat\sdk\skeletal_morph_component.cpp">
      <Filter>cheat\sdk</Filter>
    </ClCompile>
    <ClCompile Include="cheat\sdk\animator.cpp">
      <Filter>cheat\sdk</Filter>
    </ClCompile>
    <ClCompile Include="cheat\sdk\transform.cpp">
      <Filter>cheat\sdk</Filter>
    </ClCompile>
    <ClCompile Include="cheat\features\autokill\c_auto_kill_feature.cpp">
      <Filter>cheat\features\autokill</Filter>
    </ClCompile>
    <ClCompile Include="cheat\features\uncensored\c_uncensored_feature.cpp">
      <Filter>cheat\features\uncensored</Filter>
    </ClCompile>
    <ClCompile Include="cheat\sdk\chessboard.cpp">
      <Filter>cheat\sdk</Filter>
    </ClCompile>
    <ClCompile Include="cheat\features\chessboard\c_chessboard_feature.cpp">
      <Filter>cheat\features\chessboard</Filter>
    </ClCompile>
    <ClCompile Include="cheat\features\movespeed\c_movespeed_feature.cpp">
      <Filter>cheat\features\movespeed</Filter>
    </ClCompile>
    <ClCompile Include="cheat\sdk\movement_component.cpp">
      <Filter>cheat\sdk</Filter>
    </ClCompile>
    <ClCompile Include="cheat\sdk\movement_setting.cpp">
      <Filter>cheat\sdk</Filter>
    </ClCompile>
    <ClCompile Include="elements\begin_child.cpp">
      <Filter>imgui\elements</Filter>
    </ClCompile>
    <ClCompile Include="elements\button.cpp">
      <Filter>imgui\elements</Filter>
    </ClCompile>
    <ClCompile Include="elements\checkbox.cpp">
      <Filter>imgui\elements</Filter>
    </ClCompile>
    <ClCompile Include="elements\color_picker.cpp">
      <Filter>imgui\elements</Filter>
    </ClCompile>
    <ClCompile Include="elements\drag_slider.cpp">
      <Filter>imgui\elements</Filter>
    </ClCompile>
    <ClCompile Include="elements\draw.cpp">
      <Filter>imgui\elements</Filter>
    </ClCompile>
    <ClCompile Include="elements\dropdown.cpp">
      <Filter>imgui\elements</Filter>
    </ClCompile>
    <ClCompile Include="elements\helpers.cpp">
      <Filter>imgui\elements</Filter>
    </ClCompile>
    <ClCompile Include="elements\keybind.cpp">
      <Filter>imgui\elements</Filter>
    </ClCompile>
    <ClCompile Include="elements\listbox.cpp">
      <Filter>imgui\elements</Filter>
    </ClCompile>
    <ClCompile Include="elements\notify.cpp">
      <Filter>imgui\elements</Filter>
    </ClCompile>
    <ClCompile Include="elements\range_slider.cpp">
      <Filter>imgui\elements</Filter>
    </ClCompile>
    <ClCompile Include="elements\selection.cpp">
      <Filter>imgui\elements</Filter>
    </ClCompile>
    <ClCompile Include="elements\set_tooltip.cpp">
      <Filter>imgui\elements</Filter>
    </ClCompile>
    <ClCompile Include="elements\text_field.cpp">
      <Filter>imgui\elements</Filter>
    </ClCompile>
    <ClCompile Include="elements\watermark.cpp">
      <Filter>imgui\elements</Filter>
    </ClCompile>
    <ClCompile Include="elements\window.cpp">
      <Filter>imgui\elements</Filter>
    </ClCompile>
    <ClCompile Include="cheat\features\attack\c_player_attack_feature.cpp">
      <Filter>cheat\features\attack</Filter>
    </ClCompile>
    <ClCompile Include="cheat\sdk\modifier.cpp">
      <Filter>cheat\sdk</Filter>
    </ClCompile>
    <ClCompile Include="cheat\features\godmode\c_godmode_feature.cpp">
      <Filter>cheat\features\godmode</Filter>
    </ClCompile>
    <ClCompile Include="cheat\features\stamina\c_infinite_stamina_feature.cpp">
      <Filter>cheat\features\stamina</Filter>
    </ClCompile>
    <ClCompile Include="cheat\sdk\skill.cpp">
      <Filter>cheat\sdk</Filter>
    </ClCompile>
    <ClCompile Include="cheat\features\nocooldown\c_nocooldown_feature.cpp">
      <Filter>cheat\features\nocooldown</Filter>
    </ClCompile>
    <ClCompile Include="cheat\sdk\puzzle_game.cpp">
      <Filter>cheat\sdk</Filter>
    </ClCompile>
    <ClCompile Include="cheat\features\ultimate\c_infinite_ultimate_feature.cpp">
      <Filter>cheat\features\ultimate</Filter>
    </ClCompile>
    <ClCompile Include="cheat\features\world\c_world_ambience_feature.cpp">
      <Filter>cheat\features\world</Filter>
    </ClCompile>
    <ClCompile Include="cheat\features\noclip\c_no_clip_feature.cpp">
      <Filter>cheat\features\noclip</Filter>
    </ClCompile>
    <ClCompile Include="cheat\features\visuals\c_chams_feature.cpp">
      <Filter>cheat\features\visuals</Filter>
    </ClCompile>
    <ClCompile Include="cheat\sdk\game_instance.cpp">
      <Filter>cheat\sdk</Filter>
    </ClCompile>
    <ClCompile Include="cheat\features\dumbenemies\c_dumb_enemies_feature.cpp">
      <Filter>cheat\features\dumbenemies</Filter>
    </ClCompile>
    <ClCompile Include="cheat\features\spoofer\c_spoofer_feature.cpp">
      <Filter>cheat\features\spoofer</Filter>
    </ClCompile>
    <ClCompile Include="cheat\features\entityfinder\c_entity_finder_feature.cpp">
      <Filter>cheat\features\entityfinder</Filter>
    </ClCompile>
    <ClCompile Include="cheat\sdk\ui_text.cpp">
      <Filter>cheat\sdk</Filter>
    </ClCompile>
    <ClCompile Include="cheat\features\gravity\c_player_gravity_feature.cpp">
      <Filter>cheat\features\gravity</Filter>
    </ClCompile>
    <ClCompile Include="cheat\features\jump\c_player_jump_feature.cpp">
      <Filter>cheat\features\jump</Filter>
    </ClCompile>
    <ClCompile Include="cheat\sdk\complex_animator_component.cpp">
      <Filter>cheat\sdk</Filter>
    </ClCompile>
    <ClCompile Include="cheat\features\fov\c_camera_fov_feature.cpp">
      <Filter>cheat\features\fov</Filter>
    </ClCompile>
    <ClCompile Include="cheat\sdk\game_world.cpp">
      <Filter>cheat\sdk</Filter>
    </ClCompile>
    <ClCompile Include="cheat\tools\config_manager.cpp">
      <Filter>cheat\tools</Filter>
    </ClCompile>
    <ClCompile Include="cheat\sdk\play_cutscene_action.cpp">
      <Filter>cheat\sdk</Filter>
    </ClCompile>
    <ClCompile Include="cheat\features\skipcutscene\c_skip_cutscene_feature.cpp">
      <Filter>cheat\features\skipcutscene</Filter>
    </ClCompile>
  </ItemGroup>
  <ItemGroup>
    <None Include="README.txt" />
    <None Include="misc\debuggers\imgui.natvis">
      <Filter>imgui</Filter>
    </None>
    <None Include="misc\debuggers\imgui.natstepfilter">
      <Filter>imgui</Filter>
    </None>
  </ItemGroup>
  <ItemGroup>
    <Library Include="freetype\win64\freetype.lib">
      <Filter>imgui</Filter>
    </Library>
  </ItemGroup>
</Project>